NeoBundleLock caw.vim ba5d4ccfe10db5989311e7210041744fb2043e83
NeoBundleLock lexima.vim 85cfff9f7d16bd1ad76fcfedca6ab4982af6ba9d
NeoBundleLock lightline.vim 6034e639e871cb33a436508a6c6ccbe3e236de4c
NeoBundleLock neobundle.vim c6fa48cd665071b7a4dbf5ab53f48cd5884716ee
NeoBundleLock neocomplete.vim 970cba438d3baf8239ccaaf53105bf880732507f
NeoBundleLock neosnippet 9996520d6bf1aaee21f66b5eb561c9f0b306216c
NeoBundleLock neosnippet-snippets 2a9487bacb924d8e870612b6b0a2afb34deea0ae
NeoBundleLock neosnippet.vim b0d6b1c7e0a4ea1c72b10a859c8a5de938e1f708
NeoBundleLock nerdtree e653a682705234e9bffac0c32995f339e66df684
NeoBundleLock vim-go 04699c8916c777ad3c6dc8a803d55d8d222b3026
NeoBundleLock vim-indent-guides 54d889a63716ee2f1818aa2ec5082db47147147b
NeoBundleLock vim-prettier 4413265fab012dcb8dd6bafbd700d99f34f0e792
